// !$*UTF8*$!
{
	archiveVersion = 1;
	classes = {
	};
	objectVersion = 50;
	objects = {

/* Begin PBXBuildFile section */
		7520B35B266148210069F05D /* AddStrainView.swift in Sources */ = {isa = PBXBuildFile; fileRef = 7520B35A266148210069F05D /* AddStrainView.swift */; };
		7534DB95266135A100E427DA /* ListSectionView.swift in Sources */ = {isa = PBXBuildFile; fileRef = 7534DB94266135A100E427DA /* ListSectionView.swift */; };
		753623C92664643C0018BB19 /* MainView.swift in Sources */ = {isa = PBXBuildFile; fileRef = 753623C82664643C0018BB19 /* MainView.swift */; };
		753623CB266464880018BB19 /* MyStrainsView.swift in Sources */ = {isa = PBXBuildFile; fileRef = 753623CA266464880018BB19 /* MyStrainsView.swift */; };
		75D09176266D9CB90091A098 /* Camera.swift in Sources */ = {isa = PBXBuildFile; fileRef = 75D09175266D9CB90091A098 /* Camera.swift */; };
		75D0917A266D9DC70091A098 /* AddPhotoView.swift in Sources */ = {isa = PBXBuildFile; fileRef = 75D09179266D9DC70091A098 /* AddPhotoView.swift */; };
		75D0917C266D9F510091A098 /* AddImageView.swift in Sources */ = {isa = PBXBuildFile; fileRef = 75D0917B266D9F510091A098 /* AddImageView.swift */; };
		75E76BD5266113020087FCA7 /* StrainsAppApp.swift in Sources */ = {isa = PBXBuildFile; fileRef = 75E76BD4266113020087FCA7 /* StrainsAppApp.swift */; };
		75E76BD9266113040087FCA7 /* Assets.xcassets in Resources */ = {isa = PBXBuildFile; fileRef = 75E76BD8266113040087FCA7 /* Assets.xcassets */; };
		75E76BDC266113040087FCA7 /* Preview Assets.xcassets in Resources */ = {isa = PBXBuildFile; fileRef = 75E76BDB266113040087FCA7 /* Preview Assets.xcassets */; };
		75E76BE4266113270087FCA7 /* Strain.swift in Sources */ = {isa = PBXBuildFile; fileRef = 75E76BE3266113270087FCA7 /* Strain.swift */; };
		75E76BE6266115560087FCA7 /* StrainDetail.swift in Sources */ = {isa = PBXBuildFile; fileRef = 75E76BE5266115560087FCA7 /* StrainDetail.swift */; };
/* End PBXBuildFile section */

/* Begin PBXFileReference section */
		7520B35A266148210069F05D /* AddStrainView.swift */ = {isa = PBXFileReference; lastKnownFileType = sourcecode.swift; path = AddStrainView.swift; sourceTree = "<group>"; };
		7534DB94266135A100E427DA /* ListSectionView.swift */ = {isa = PBXFileReference; lastKnownFileType = sourcecode.swift; path = ListSectionView.swift; sourceTree = "<group>"; };
		753623C82664643C0018BB19 /* MainView.swift */ = {isa = PBXFileReference; lastKnownFileType = sourcecode.swift; path = MainView.swift; sourceTree = "<group>"; };
		753623CA266464880018BB19 /* MyStrainsView.swift */ = {isa = PBXFileReference; lastKnownFileType = sourcecode.swift; path = MyStrainsView.swift; sourceTree = "<group>"; };
		75D09175266D9CB90091A098 /* Camera.swift */ = {isa = PBXFileReference; lastKnownFileType = sourcecode.swift; path = Camera.swift; sourceTree = "<group>"; };
		75D09179266D9DC70091A098 /* AddPhotoView.swift */ = {isa = PBXFileReference; lastKnownFileType = sourcecode.swift; path = AddPhotoView.swift; sourceTree = "<group>"; };
		75D0917B266D9F510091A098 /* AddImageView.swift */ = {isa = PBXFileReference; lastKnownFileType = sourcecode.swift; path = AddImageView.swift; sourceTree = "<group>"; };
		75E76BD1266113020087FCA7 /* StrainsApp.app */ = {isa = PBXFileReference; explicitFileType = wrapper.application; includeInIndex = 0; path = StrainsApp.app; sourceTree = BUILT_PRODUCTS_DIR; };
		75E76BD4266113020087FCA7 /* StrainsAppApp.swift */ = {isa = PBXFileReference; lastKnownFileType = sourcecode.swift; path = StrainsAppApp.swift; sourceTree = "<group>"; };
		75E76BD8266113040087FCA7 /* Assets.xcassets */ = {isa = PBXFileReference; lastKnownFileType = folder.assetcatalog; path = Assets.xcassets; sourceTree = "<group>"; };
		75E76BDB266113040087FCA7 /* Preview Assets.xcassets */ = {isa = PBXFileReference; lastKnownFileType = folder.assetcatalog; path = "Preview Assets.xcassets"; sourceTree = "<group>"; };
		75E76BDD266113040087FCA7 /* Info.plist */ = {isa = PBXFileReference; lastKnownFileType = text.plist.xml; path = Info.plist; sourceTree = "<group>"; };
		75E76BE3266113270087FCA7 /* Strain.swift */ = {isa = PBXFileReference; lastKnownFileType = sourcecode.swift; path = Strain.swift; sourceTree = "<group>"; };
		75E76BE5266115560087FCA7 /* StrainDetail.swift */ = {isa = PBXFileReference; lastKnownFileType = sourcecode.swift; path = StrainDetail.swift; sourceTree = "<group>"; };
/* End PBXFileReference section */

/* Begin PBXFrameworksBuildPhase section */
		75E76BCE266113020087FCA7 /* Frameworks */ = {
			isa = PBXFrameworksBuildPhase;
			buildActionMask = 2147483647;
			files = (
			);
			runOnlyForDeploymentPostprocessing = 0;
		};
/* End PBXFrameworksBuildPhase section */

/* Begin PBXGroup section */
		7534DB932661357A00E427DA /* Views */ = {
			isa = PBXGroup;
			children = (
				753623C82664643C0018BB19 /* MainView.swift */,
				753623CD26646ADC0018BB19 /* MyStrainsViews */,
				753623CE26646AF70018BB19 /* AddStrainView */,
			);
			path = Views;
			sourceTree = "<group>";
		};
		753623CC26646ABD0018BB19 /* ViewModels */ = {
			isa = PBXGroup;
			children = (
				75E76BE3266113270087FCA7 /* Strain.swift */,
			);
			path = ViewModels;
			sourceTree = "<group>";
		};
		753623CD26646ADC0018BB19 /* MyStrainsViews */ = {
			isa = PBXGroup;
			children = (
				7534DB94266135A100E427DA /* ListSectionView.swift */,
				753623CA266464880018BB19 /* MyStrainsView.swift */,
				75E76BE5266115560087FCA7 /* StrainDetail.swift */,
			);
			path = MyStrainsViews;
			sourceTree = "<group>";
		};
		753623CE26646AF70018BB19 /* AddStrainView */ = {
			isa = PBXGroup;
			children = (
				75D0917B266D9F510091A098 /* AddImageView.swift */,
				7520B35A266148210069F05D /* AddStrainView.swift */,
			);
			path = AddStrainView;
			sourceTree = "<group>";
		};
		75E76BC8266113020087FCA7 = {
			isa = PBXGroup;
			children = (
				75E76BD3266113020087FCA7 /* StrainsApp */,
				75E76BD2266113020087FCA7 /* Products */,
			);
			sourceTree = "<group>";
		};
		75E76BD2266113020087FCA7 /* Products */ = {
			isa = PBXGroup;
			children = (
				75E76BD1266113020087FCA7 /* StrainsApp.app */,
			);
			name = Products;
			sourceTree = "<group>";
		};
		75E76BD3266113020087FCA7 /* StrainsApp */ = {
			isa = PBXGroup;
			children = (
				75E76BD4266113020087FCA7 /* StrainsAppApp.swift */,
				7534DB932661357A00E427DA /* Views */,
				753623CC26646ABD0018BB19 /* ViewModels */,
				75E76BD8266113040087FCA7 /* Assets.xcassets */,
				75E76BDD266113040087FCA7 /* Info.plist */,
				75E76BDA266113040087FCA7 /* Preview Content */,
				75D09175266D9CB90091A098 /* Camera.swift */,
				75D09179266D9DC70091A098 /* AddPhotoView.swift */,
			);
			path = StrainsApp;
			sourceTree = "<group>";
		};
		75E76BDA266113040087FCA7 /* Preview Content */ = {
			isa = PBXGroup;
			children = (
				75E76BDB266113040087FCA7 /* Preview Assets.xcassets */,
			);
			path = "Preview Content";
			sourceTree = "<group>";
		};
/* End PBXGroup section */

/* Begin PBXNativeTarget section */
		75E76BD0266113020087FCA7 /* StrainsApp */ = {
			isa = PBXNativeTarget;
			buildConfigurationList = 75E76BE0266113040087FCA7 /* Build configuration list for PBXNativeTarget "StrainsApp" */;
			buildPhases = (
				75E76BCD266113020087FCA7 /* Sources */,
				75E76BCE266113020087FCA7 /* Frameworks */,
				75E76BCF266113020087FCA7 /* Resources */,
			);
			buildRules = (
			);
			dependencies = (
			);
			name = StrainsApp;
			productName = StrainsApp;
			productReference = 75E76BD1266113020087FCA7 /* StrainsApp.app */;
			productType = "com.apple.product-type.application";
		};
/* End PBXNativeTarget section */

/* Begin PBXProject section */
		75E76BC9266113020087FCA7 /* Project object */ = {
			isa = PBXProject;
			attributes = {
				LastSwiftUpdateCheck = 1250;
				LastUpgradeCheck = 1250;
				TargetAttributes = {
					75E76BD0266113020087FCA7 = {
						CreatedOnToolsVersion = 12.5;
					};
				};
			};
			buildConfigurationList = 75E76BCC266113020087FCA7 /* Build configuration list for PBXProject "StrainsApp" */;
			compatibilityVersion = "Xcode 9.3";
			developmentRegion = en;
			hasScannedForEncodings = 0;
			knownRegions = (
				en,
				Base,
			);
			mainGroup = 75E76BC8266113020087FCA7;
			productRefGroup = 75E76BD2266113020087FCA7 /* Products */;
			projectDirPath = "";
			projectRoot = "";
			targets = (
				75E76BD0266113020087FCA7 /* StrainsApp */,
			);
		};
/* End PBXProject section */

/* Begin PBXResourcesBuildPhase section */
		75E76BCF266113020087FCA7 /* Resources */ = {
			isa = PBXResourcesBuildPhase;
			buildActionMask = 2147483647;
			files = (
				75E76BDC266113040087FCA7 /* Preview Assets.xcassets in Resources */,
				75E76BD9266113040087FCA7 /* Assets.xcassets in Resources */,
			);
			runOnlyForDeploymentPostprocessing = 0;
		};
/* End PBXResourcesBuildPhase section */

/* Begin PBXSourcesBuildPhase section */
		75E76BCD266113020087FCA7 /* Sources */ = {
			isa = PBXSourcesBuildPhase;
			buildActionMask = 2147483647;
			files = (
				75D09176266D9CB90091A098 /* Camera.swift in Sources */,
				75E76BE6266115560087FCA7 /* StrainDetail.swift in Sources */,
				75D0917A266D9DC70091A098 /* AddPhotoView.swift in Sources */,
				753623C92664643C0018BB19 /* MainView.swift in Sources */,
				75E76BE4266113270087FCA7 /* Strain.swift in Sources */,
				7520B35B266148210069F05D /* AddStrainView.swift in Sources */,
				753623CB266464880018BB19 /* MyStrainsView.swift in Sources */,
				75E76BD5266113020087FCA7 /* StrainsAppApp.swift in Sources */,
				75D0917C266D9F510091A098 /* AddImageView.swift in Sources */,
				7534DB95266135A100E427DA /* ListSectionView.swift in Sources */,
			);
			runOnlyForDeploymentPostprocessing = 0;
		};
/* End PBXSourcesBuildPhase section */

/* Begin XCBuildConfiguration section */
		75E76BDE266113040087FCA7 /* Debug */ = {
			isa = XCBuildConfiguration;
			buildSettings = {
				ALWAYS_SEARCH_USER_PATHS = NO;
				CLANG_ANALYZER_NONNULL = YES;
				CLANG_ANALYZER_NUMBER_OBJECT_CONVERSION = YES_AGGRESSIVE;
				CLANG_CXX_LANGUAGE_STANDARD = "gnu++14";
				CLANG_CXX_LIBRARY = "libc++";
				CLANG_ENABLE_MODULES = YES;
				CLANG_ENABLE_OBJC_ARC = YES;
				CLANG_ENABLE_OBJC_WEAK = YES;
				CLANG_WARN_BLOCK_CAPTURE_AUTORELEASING = YES;
				CLANG_WARN_BOOL_CONVERSION = YES;
				CLANG_WARN_COMMA = YES;
				CLANG_WARN_CONSTANT_CONVERSION = YES;
				CLANG_WARN_DEPRECATED_OBJC_IMPLEMENTATIONS = YES;
				CLANG_WARN_DIRECT_OBJC_ISA_USAGE = YES_ERROR;
				CLANG_WARN_DOCUMENTATION_COMMENTS = YES;
				CLANG_WARN_EMPTY_BODY = YES;
				CLANG_WARN_ENUM_CONVERSION = YES;
				CLANG_WARN_INFINITE_RECURSION = YES;
				CLANG_WARN_INT_CONVERSION = YES;
				CLANG_WARN_NON_LITERAL_NULL_CONVERSION = YES;
				CLANG_WARN_OBJC_IMPLICIT_RETAIN_SELF = YES;
				CLANG_WARN_OBJC_LITERAL_CONVERSION = YES;
				CLANG_WARN_OBJC_ROOT_CLASS = YES_ERROR;
				CLANG_WARN_QUOTED_INCLUDE_IN_FRAMEWORK_HEADER = YES;
				CLANG_WARN_RANGE_LOOP_ANALYSIS = YES;
				CLANG_WARN_STRICT_PROTOTYPES = YES;
				CLANG_WARN_SUSPICIOUS_MOVE = YES;
				CLANG_WARN_UNGUARDED_AVAILABILITY = YES_AGGRESSIVE;
				CLANG_WARN_UNREACHABLE_CODE = YES;
				CLANG_WARN__DUPLICATE_METHOD_MATCH = YES;
				COPY_PHASE_STRIP = NO;
				DEBUG_INFORMATION_FORMAT = dwarf;
				ENABLE_STRICT_OBJC_MSGSEND = YES;
				ENABLE_TESTABILITY = YES;
				GCC_C_LANGUAGE_STANDARD = gnu11;
				GCC_DYNAMIC_NO_PIC = NO;
				GCC_NO_COMMON_BLOCKS = YES;
				GCC_OPTIMIZATION_LEVEL = 0;
				GCC_PREPROCESSOR_DEFINITIONS = (
					"DEBUG=1",
					"$(inherited)",
				);
				GCC_WARN_64_TO_32_BIT_CONVERSION = YES;
				GCC_WARN_ABOUT_RETURN_TYPE = YES_ERROR;
				GCC_WARN_UNDECLARED_SELECTOR = YES;
				GCC_WARN_UNINITIALIZED_AUTOS = YES_AGGRESSIVE;
				GCC_WARN_UNUSED_FUNCTION = YES;
				GCC_WARN_UNUSED_VARIABLE = YES;
				IPHONEOS_DEPLOYMENT_TARGET = 14.5;
				MTL_ENABLE_DEBUG_INFO = INCLUDE_SOURCE;
				MTL_FAST_MATH = YES;
				ONLY_ACTIVE_ARCH = YES;
				SDKROOT = iphoneos;
				SWIFT_ACTIVE_COMPILATION_CONDITIONS = DEBUG;
				SWIFT_OPTIMIZATION_LEVEL = "-Onone";
			};
			name = Debug;
		};
		75E76BDF266113040087FCA7 /* Release */ = {
			isa = XCBuildConfiguration;
			buildSettings = {
				ALWAYS_SEARCH_USER_PATHS = NO;
				CLANG_ANALYZER_NONNULL = YES;
				CLANG_ANALYZER_NUMBER_OBJECT_CONVERSION = YES_AGGRESSIVE;
				CLANG_CXX_LANGUAGE_STANDARD = "gnu++14";
				CLANG_CXX_LIBRARY = "libc++";
				CLANG_ENABLE_MODULES = YES;
				CLANG_ENABLE_OBJC_ARC = YES;
				CLANG_ENABLE_OBJC_WEAK = YES;
				CLANG_WARN_BLOCK_CAPTURE_AUTORELEASING = YES;
				CLANG_WARN_BOOL_CONVERSION = YES;
				CLANG_WARN_COMMA = YES;
				CLANG_WARN_CONSTANT_CONVERSION = YES;
				CLANG_WARN_DEPRECATED_OBJC_IMPLEMENTATIONS = YES;
				CLANG_WARN_DIRECT_OBJC_ISA_USAGE = YES_ERROR;
				CLANG_WARN_DOCUMENTATION_COMMENTS = YES;
				CLANG_WARN_EMPTY_BODY = YES;
				CLANG_WARN_ENUM_CONVERSION = YES;
				CLANG_WARN_INFINITE_RECURSION = YES;
				CLANG_WARN_INT_CONVERSION = YES;
				CLANG_WARN_NON_LITERAL_NULL_CONVERSION = YES;
				CLANG_WARN_OBJC_IMPLICIT_RETAIN_SELF = YES;
				CLANG_WARN_OBJC_LITERAL_CONVERSION = YES;
				CLANG_WARN_OBJC_ROOT_CLASS = YES_ERROR;
				CLANG_WARN_QUOTED_INCLUDE_IN_FRAMEWORK_HEADER = YES;
				CLANG_WARN_RANGE_LOOP_ANALYSIS = YES;
				CLANG_WARN_STRICT_PROTOTYPES = YES;
				CLANG_WARN_SUSPICIOUS_MOVE = YES;
				CLANG_WARN_UNGUARDED_AVAILABILITY = YES_AGGRESSIVE;
				CLANG_WARN_UNREACHABLE_CODE = YES;
				CLANG_WARN__DUPLICATE_METHOD_MATCH = YES;
				COPY_PHASE_STRIP = NO;
				DEBUG_INFORMATION_FORMAT = "dwarf-with-dsym";
				ENABLE_NS_ASSERTIONS = NO;
				ENABLE_STRICT_OBJC_MSGSEND = YES;
				GCC_C_LANGUAGE_STANDARD = gnu11;
				GCC_NO_COMMON_BLOCKS = YES;
				GCC_WARN_64_TO_32_BIT_CONVERSION = YES;
				GCC_WARN_ABOUT_RETURN_TYPE = YES_ERROR;
				GCC_WARN_UNDECLARED_SELECTOR = YES;
				GCC_WARN_UNINITIALIZED_AUTOS = YES_AGGRESSIVE;
				GCC_WARN_UNUSED_FUNCTION = YES;
				GCC_WARN_UNUSED_VARIABLE = YES;
				IPHONEOS_DEPLOYMENT_TARGET = 14.5;
				MTL_ENABLE_DEBUG_INFO = NO;
				MTL_FAST_MATH = YES;
				SDKROOT = iphoneos;
				SWIFT_COMPILATION_MODE = wholemodule;
				SWIFT_OPTIMIZATION_LEVEL = "-O";
				VALIDATE_PRODUCT = YES;
			};
			name = Release;
		};
		75E76BE1266113040087FCA7 /* Debug */ = {
			isa = XCBuildConfiguration;
			buildSettings = {
				ASSETCATALOG_COMPILER_APPICON_NAME = AppIcon;
				ASSETCATALOG_COMPILER_GLOBAL_ACCENT_COLOR_NAME = AccentColor;
				CODE_SIGN_STYLE = Automatic;
				DEVELOPMENT_ASSET_PATHS = "\"StrainsApp/Preview Content\"";
				DEVELOPMENT_TEAM = C7K95G5W2H;
				ENABLE_PREVIEWS = YES;
				INFOPLIST_FILE = StrainsApp/Info.plist;
				IPHONEOS_DEPLOYMENT_TARGET = 14.0;
				LD_RUNPATH_SEARCH_PATHS = (
					"$(inherited)",
					"@executable_path/Frameworks",
				);
				PRODUCT_BUNDLE_IDENTIFIER = Study.StrainsApp;
				PRODUCT_NAME = "$(TARGET_NAME)";
				SWIFT_VERSION = 5.0;
				TARGETED_DEVICE_FAMILY = "1,2";
			};
			name = Debug;
		};
		75E76BE2266113040087FCA7 /* Release */ = {
			isa = XCBuildConfiguration;
			buildSettings = {
				ASSETCATALOG_COMPILER_APPICON_NAME = AppIcon;
				ASSETCATALOG_COMPILER_GLOBAL_ACCENT_COLOR_NAME = AccentColor;
				CODE_SIGN_STYLE = Automatic;
				DEVELOPMENT_ASSET_PATHS = "\"StrainsApp/Preview Content\"";
				DEVELOPMENT_TEAM = C7K95G5W2H;
				ENABLE_PREVIEWS = YES;
				INFOPLIST_FILE = StrainsApp/Info.plist;
				IPHONEOS_DEPLOYMENT_TARGET = 14.0;
				LD_RUNPATH_SEARCH_PATHS = (
					"$(inherited)",
					"@executable_path/Frameworks",
				);
				PRODUCT_BUNDLE_IDENTIFIER = Study.StrainsApp;
				PRODUCT_NAME = "$(TARGET_NAME)";
				SWIFT_VERSION = 5.0;
				TARGETED_DEVICE_FAMILY = "1,2";
			};
			name = Release;
		};
/* End XCBuildConfiguration section */

/* Begin XCConfigurationList section */
		75E76BCC266113020087FCA7 /* Build configuration list for PBXProject "StrainsApp" */ = {
			isa = XCConfigurationList;
			buildConfigurations = (
				75E76BDE266113040087FCA7 /* Debug */,
				75E76BDF266113040087FCA7 /* Release */,
			);
			defaultConfigurationIsVisible = 0;
			defaultConfigurationName = Release;
		};
		75E76BE0266113040087FCA7 /* Build configuration list for PBXNativeTarget "StrainsApp" */ = {
			isa = XCConfigurationList;
			buildConfigurations = (
				75E76BE1266113040087FCA7 /* Debug */,
				75E76BE2266113040087FCA7 /* Release */,
			);
			defaultConfigurationIsVisible = 0;
			defaultConfigurationName = Release;
		};
/* End XCConfigurationList section */
	};
	rootObject = 75E76BC9266113020087FCA7 /* Project object */;
}
